
Microsoft Visual Studio Solution File, Format Version 12.00
# Visual Studio Version 17
VisualStudioVersion = 17.0.31903.59
MinimumVisualStudioVersion = 10.0.40219.1
Project("{FAE04EC0-301F-11D3-BF4B-00C04F79EFBC}") = "TournamentService.API", "TournamentService\TournamentService.API.csproj", "{96E74A6C-58E2-4ACE-A03A-8332A2B65C9B}"
EndProject
Project("{FAE04EC0-301F-11D3-BF4B-00C04F79EFBC}") = "TournamentService.DataAccess", "TournamentService.DataAccess\TournamentService.DataAccess.csproj", "{47132BAC-ACBC-49B5-B265-855AFE625F63}"
EndProject
Project("{FAE04EC0-301F-11D3-BF4B-00C04F79EFBC}") = "TournamentService.BusinessLogic", "TournamentService.BusinessLogic\TournamentService.BusinessLogic.csproj", "{31B770AC-1CC9-4941-B5FF-78A4EA6C77F7}"
EndProject
Project("{FAE04EC0-301F-11D3-BF4B-00C04F79EFBC}") = "TournamentService.Shared", "TournamentService.Shared\TournamentService.Shared.csproj", "{C5A565FA-6911-4160-AEDC-C57C444CBC1C}"
EndProject
Global
	GlobalSection(SolutionConfigurationPlatforms) = preSolution
		Debug|Any CPU = Debug|Any CPU
		Release|Any CPU = Release|Any CPU
	EndGlobalSection
	GlobalSection(ProjectConfigurationPlatforms) = postSolution
		{96E74A6C-58E2-4ACE-A03A-8332A2B65C9B}.Debug|Any CPU.ActiveCfg = Debug|Any CPU
		{96E74A6C-58E2-4ACE-A03A-8332A2B65C9B}.Debug|Any CPU.Build.0 = Debug|Any CPU
		{96E74A6C-58E2-4ACE-A03A-8332A2B65C9B}.Release|Any CPU.ActiveCfg = Release|Any CPU
		{96E74A6C-58E2-4ACE-A03A-8332A2B65C9B}.Release|Any CPU.Build.0 = Release|Any CPU
		{47132BAC-ACBC-49B5-B265-855AFE625F63}.Debug|Any CPU.ActiveCfg = Debug|Any CPU
		{47132BAC-ACBC-49B5-B265-855AFE625F63}.Debug|Any CPU.Build.0 = Debug|Any CPU
		{47132BAC-ACBC-49B5-B265-855AFE625F63}.Release|Any CPU.ActiveCfg = Release|Any CPU
		{47132BAC-ACBC-49B5-B265-855AFE625F63}.Release|Any CPU.Build.0 = Release|Any CPU
		{31B770AC-1CC9-4941-B5FF-78A4EA6C77F7}.Debug|Any CPU.ActiveCfg = Debug|Any CPU
		{31B770AC-1CC9-4941-B5FF-78A4EA6C77F7}.Debug|Any CPU.Build.0 = Debug|Any CPU
		{31B770AC-1CC9-4941-B5FF-78A4EA6C77F7}.Release|Any CPU.ActiveCfg = Release|Any CPU
		{31B770AC-1CC9-4941-B5FF-78A4EA6C77F7}.Release|Any CPU.Build.0 = Release|Any CPU
		{C5A565FA-6911-4160-AEDC-C57C444CBC1C}.Debug|Any CPU.ActiveCfg = Debug|Any CPU
		{C5A565FA-6911-4160-AEDC-C57C444CBC1C}.Debug|Any CPU.Build.0 = Debug|Any CPU
		{C5A565FA-6911-4160-AEDC-C57C444CBC1C}.Release|Any CPU.ActiveCfg = Release|Any CPU
		{C5A565FA-6911-4160-AEDC-C57C444CBC1C}.Release|Any CPU.Build.0 = Release|Any CPU
	EndGlobalSection
	GlobalSection(SolutionProperties) = preSolution
		HideSolutionNode = FALSE
	EndGlobalSection
EndGlobal
